
Microsoft Visual Studio Solution File, Format Version 12.00
# Visual Studio Version 17
VisualStudioVersion = 17.0.31919.166
MinimumVisualStudioVersion = 10.0.40219.1
Project("{FAE04EC0-301F-11D3-BF4B-00C04F79EFBC}") = "KomodoClaims", "KomodoClaims\KomodoClaims.csproj", "{9808E760-024E-4A2E-8BF2-AAF145C28C11}"
EndProject
Project("{FAE04EC0-301F-11D3-BF4B-00C04F79EFBC}") = "ClaimsRepositorys", "ClaimsRepositorys\ClaimsRepositorys.csproj", "{C6F23FE0-9AC6-40B2-9EC2-3564942EAA2F}"
EndProject
Project("{FAE04EC0-301F-11D3-BF4B-00C04F79EFBC}") = "UnitTestClaims", "UnitTestClaims\UnitTestClaims.csproj", "{0BB82B4F-937A-4C34-A27E-6B857A0B6683}"
EndProject
Global
	GlobalSection(SolutionConfigurationPlatforms) = preSolution
		Debug|Any CPU = Debug|Any CPU
		Release|Any CPU = Release|Any CPU
	EndGlobalSection
	GlobalSection(ProjectConfigurationPlatforms) = postSolution
		{9808E760-024E-4A2E-8BF2-AAF145C28C11}.Debug|Any CPU.ActiveCfg = Debug|Any CPU
		{9808E760-024E-4A2E-8BF2-AAF145C28C11}.Debug|Any CPU.Build.0 = Debug|Any CPU
		{9808E760-024E-4A2E-8BF2-AAF145C28C11}.Release|Any CPU.ActiveCfg = Release|Any CPU
		{9808E760-024E-4A2E-8BF2-AAF145C28C11}.Release|Any CPU.Build.0 = Release|Any CPU
		{C6F23FE0-9AC6-40B2-9EC2-3564942EAA2F}.Debug|Any CPU.ActiveCfg = Debug|Any CPU
		{C6F23FE0-9AC6-40B2-9EC2-3564942EAA2F}.Debug|Any CPU.Build.0 = Debug|Any CPU
		{C6F23FE0-9AC6-40B2-9EC2-3564942EAA2F}.Release|Any CPU.ActiveCfg = Release|Any CPU
		{C6F23FE0-9AC6-40B2-9EC2-3564942EAA2F}.Release|Any CPU.Build.0 = Release|Any CPU
		{0BB82B4F-937A-4C34-A27E-6B857A0B6683}.Debug|Any CPU.ActiveCfg = Debug|Any CPU
		{0BB82B4F-937A-4C34-A27E-6B857A0B6683}.Debug|Any CPU.Build.0 = Debug|Any CPU
		{0BB82B4F-937A-4C34-A27E-6B857A0B6683}.Release|Any CPU.ActiveCfg = Release|Any CPU
		{0BB82B4F-937A-4C34-A27E-6B857A0B6683}.Release|Any CPU.Build.0 = Release|Any CPU
	EndGlobalSection
	GlobalSection(SolutionProperties) = preSolution
		HideSolutionNode = FALSE
	EndGlobalSection
	GlobalSection(ExtensibilityGlobals) = postSolution
		SolutionGuid = {61621F27-C44D-438E-B9F0-7727D02302A3}
	EndGlobalSection
EndGlobal
